// !$*UTF8*$!
{
	archiveVersion = 1;
	classes = {
	};
	objectVersion = 46;
	objects = {

/* Begin PBXBuildFile section */
		5F0164FD1AEAA1C90055617C /* AppDelegate.swift in Sources */ = {isa = PBXBuildFile; fileRef = 5F0164FC1AEAA1C90055617C /* AppDelegate.swift */; };
		5F0165011AEAA1C90055617C /* GameScene.swift in Sources */ = {isa = PBXBuildFile; fileRef = 5F0165001AEAA1C90055617C /* GameScene.swift */; };
		5F0165031AEAA1C90055617C /* GameViewController.swift in Sources */ = {isa = PBXBuildFile; fileRef = 5F0165021AEAA1C90055617C /* GameViewController.swift */; };
		5F0165061AEAA1C90055617C /* Main.storyboard in Resources */ = {isa = PBXBuildFile; fileRef = 5F0165041AEAA1C90055617C /* Main.storyboard */; };
		5F0165081AEAA1C90055617C /* Images.xcassets in Resources */ = {isa = PBXBuildFile; fileRef = 5F0165071AEAA1C90055617C /* Images.xcassets */; };
		5F01650B1AEAA1C90055617C /* LaunchScreen.xib in Resources */ = {isa = PBXBuildFile; fileRef = 5F0165091AEAA1C90055617C /* LaunchScreen.xib */; };
		5F0165171AEAA1C90055617C /* SwiftrisTests.swift in Sources */ = {isa = PBXBuildFile; fileRef = 5F0165161AEAA1C90055617C /* SwiftrisTests.swift */; };
/* End PBXBuildFile section */

/* Begin PBXContainerItemProxy section */
		5F0165111AEAA1C90055617C /* PBXContainerItemProxy */ = {
			isa = PBXContainerItemProxy;
			containerPortal = 5F0164EF1AEAA1C80055617C /* Project object */;
			proxyType = 1;
			remoteGlobalIDString = 5F0164F61AEAA1C80055617C;
			remoteInfo = Swiftris;
		};
/* End PBXContainerItemProxy section */

/* Begin PBXFileReference section */
		5F0164F71AEAA1C90055617C /* Swiftris.app */ = {isa = PBXFileReference; explicitFileType = wrapper.application; includeInIndex = 0; path = Swiftris.app; sourceTree = BUILT_PRODUCTS_DIR; };
		5F0164FB1AEAA1C90055617C /* Info.plist */ = {isa = PBXFileReference; lastKnownFileType = text.plist.xml; path = Info.plist; sourceTree = "<group>"; };
		5F0164FC1AEAA1C90055617C /* AppDelegate.swift */ = {isa = PBXFileReference; lastKnownFileType = sourcecode.swift; path = AppDelegate.swift; sourceTree = "<group>"; };
		5F0165001AEAA1C90055617C /* GameScene.swift */ = {isa = PBXFileReference; lastKnownFileType = sourcecode.swift; path = GameScene.swift; sourceTree = "<group>"; };
		5F0165021AEAA1C90055617C /* GameViewController.swift */ = {isa = PBXFileReference; lastKnownFileType = sourcecode.swift; path = GameViewController.swift; sourceTree = "<group>"; };
		5F0165051AEAA1C90055617C /* Base */ = {isa = PBXFileReference; lastKnownFileType = file.storyboard; name = Base; path = Base.lproj/Main.storyboard; sourceTree = "<group>"; };
		5F0165071AEAA1C90055617C /* Images.xcassets */ = {isa = PBXFileReference; lastKnownFileType = folder.assetcatalog; path = Images.xcassets; sourceTree = "<group>"; };
		5F01650A1AEAA1C90055617C /* Base */ = {isa = PBXFileReference; lastKnownFileType = file.xib; name = Base; path = Base.lproj/LaunchScreen.xib; sourceTree = "<group>"; };
		5F0165101AEAA1C90055617C /* SwiftrisTests.xctest */ = {isa = PBXFileReference; explicitFileType = wrapper.cfbundle; includeInIndex = 0; path = SwiftrisTests.xctest; sourceTree = BUILT_PRODUCTS_DIR; };
		5F0165151AEAA1C90055617C /* Info.plist */ = {isa = PBXFileReference; lastKnownFileType = text.plist.xml; path = Info.plist; sourceTree = "<group>"; };
		5F0165161AEAA1C90055617C /* SwiftrisTests.swift */ = {isa = PBXFileReference; lastKnownFileType = sourcecode.swift; path = SwiftrisTests.swift; sourceTree = "<group>"; };
/* End PBXFileReference section */

/* Begin PBXFrameworksBuildPhase section */
		5F0164F41AEAA1C80055617C /* Frameworks */ = {
			isa = PBXFrameworksBuildPhase;
			buildActionMask = 2147483647;
			files = (
			);
			runOnlyForDeploymentPostprocessing = 0;
		};
		5F01650D1AEAA1C90055617C /* Frameworks */ = {
			isa = PBXFrameworksBuildPhase;
			buildActionMask = 2147483647;
			files = (
			);
			runOnlyForDeploymentPostprocessing = 0;
		};
/* End PBXFrameworksBuildPhase section */

/* Begin PBXGroup section */
		5F0164EE1AEAA1C80055617C = {
			isa = PBXGroup;
			children = (
				5F0164F91AEAA1C90055617C /* Swiftris */,
				5F0165131AEAA1C90055617C /* SwiftrisTests */,
				5F0164F81AEAA1C90055617C /* Products */,
			);
			sourceTree = "<group>";
		};
		5F0164F81AEAA1C90055617C /* Products */ = {
			isa = PBXGroup;
			children = (
				5F0164F71AEAA1C90055617C /* Swiftris.app */,
				5F0165101AEAA1C90055617C /* SwiftrisTests.xctest */,
			);
			name = Products;
			sourceTree = "<group>";
		};
		5F0164F91AEAA1C90055617C /* Swiftris */ = {
			isa = PBXGroup;
			children = (
				5F0164FC1AEAA1C90055617C /* AppDelegate.swift */,
				5F0165001AEAA1C90055617C /* GameScene.swift */,
				5F0165021AEAA1C90055617C /* GameViewController.swift */,
				5F0165041AEAA1C90055617C /* Main.storyboard */,
				5F0165071AEAA1C90055617C /* Images.xcassets */,
				5F0165091AEAA1C90055617C /* LaunchScreen.xib */,
				5F0164FA1AEAA1C90055617C /* Supporting Files */,
			);
			path = Swiftris;
			sourceTree = "<group>";
		};
		5F0164FA1AEAA1C90055617C /* Supporting Files */ = {
			isa = PBXGroup;
			children = (
				5F0164FB1AEAA1C90055617C /* Info.plist */,
			);
			name = "Supporting Files";
			sourceTree = "<group>";
		};
		5F0165131AEAA1C90055617C /* SwiftrisTests */ = {
			isa = PBXGroup;
			children = (
				5F0165161AEAA1C90055617C /* SwiftrisTests.swift */,
				5F0165141AEAA1C90055617C /* Supporting Files */,
			);
			path = SwiftrisTests;
			sourceTree = "<group>";
		};
		5F0165141AEAA1C90055617C /* Supporting Files */ = {
			isa = PBXGroup;
			children = (
				5F0165151AEAA1C90055617C /* Info.plist */,
			);
			name = "Supporting Files";
			sourceTree = "<group>";
		};
/* End PBXGroup section */

/* Begin PBXNativeTarget section */
		5F0164F61AEAA1C80055617C /* Swiftris */ = {
			isa = PBXNativeTarget;
			buildConfigurationList = 5F01651A1AEAA1C90055617C /* Build configuration list for PBXNativeTarget "Swiftris" */;
			buildPhases = (
				5F0164F31AEAA1C80055617C /* Sources */,
				5F0164F41AEAA1C80055617C /* Frameworks */,
				5F0164F51AEAA1C80055617C /* Resources */,
			);
			buildRules = (
			);
			dependencies = (
			);
			name = Swiftris;
			productName = Swiftris;
			productReference = 5F0164F71AEAA1C90055617C /* Swiftris.app */;
			productType = "com.apple.product-type.application";
		};
		5F01650F1AEAA1C90055617C /* SwiftrisTests */ = {
			isa = PBXNativeTarget;
			buildConfigurationList = 5F01651D1AEAA1C90055617C /* Build configuration list for PBXNativeTarget "SwiftrisTests" */;
			buildPhases = (
				5F01650C1AEAA1C90055617C /* Sources */,
				5F01650D1AEAA1C90055617C /* Frameworks */,
				5F01650E1AEAA1C90055617C /* Resources */,
			);
			buildRules = (
			);
			dependencies = (
				5F0165121AEAA1C90055617C /* PBXTargetDependency */,
			);
			name = SwiftrisTests;
			productName = SwiftrisTests;
			productReference = 5F0165101AEAA1C90055617C /* SwiftrisTests.xctest */;
			productType = "com.apple.product-type.bundle.unit-test";
		};
/* End PBXNativeTarget section */

/* Begin PBXProject section */
		5F0164EF1AEAA1C80055617C /* Project object */ = {
			isa = PBXProject;
			attributes = {
				LastUpgradeCheck = 0630;
				ORGANIZATIONNAME = Echessa;
				TargetAttributes = {
					5F0164F61AEAA1C80055617C = {
						CreatedOnToolsVersion = 6.3;
					};
					5F01650F1AEAA1C90055617C = {
						CreatedOnToolsVersion = 6.3;
						TestTargetID = 5F0164F61AEAA1C80055617C;
					};
				};
			};
			buildConfigurationList = 5F0164F21AEAA1C80055617C /* Build configuration list for PBXProject "Swiftris" */;
			compatibilityVersion = "Xcode 3.2";
			developmentRegion = English;
			hasScannedForEncodings = 0;
			knownRegions = (
				en,
				Base,
			);
			mainGroup = 5F0164EE1AEAA1C80055617C;
			productRefGroup = 5F0164F81AEAA1C90055617C /* Products */;
			projectDirPath = "";
			projectRoot = "";
			targets = (
				5F0164F61AEAA1C80055617C /* Swiftris */,
				5F01650F1AEAA1C90055617C /* SwiftrisTests */,
			);
		};
/* End PBXProject section */

/* Begin PBXResourcesBuildPhase section */
		5F0164F51AEAA1C80055617C /* Resources */ = {
			isa = PBXResourcesBuildPhase;
			buildActionMask = 2147483647;
			files = (
				5F01650B1AEAA1C90055617C /* LaunchScreen.xib in Resources */,
				5F0165081AEAA1C90055617C /* Images.xcassets in Resources */,
				5F0165061AEAA1C90055617C /* Main.storyboard in Resources */,
			);
			runOnlyForDeploymentPostprocessing = 0;
		};
		5F01650E1AEAA1C90055617C /* Resources */ = {
			isa = PBXResourcesBuildPhase;
			buildActionMask = 2147483647;
			files = (
			);
			runOnlyForDeploymentPostprocessing = 0;
		};
/* End PBXResourcesBuildPhase section */

/* Begin PBXSourcesBuildPhase section */
		5F0164F31AEAA1C80055617C /* Sources */ = {
			isa = PBXSourcesBuildPhase;
			buildActionMask = 2147483647;
			files = (
				5F0165011AEAA1C90055617C /* GameScene.swift in Sources */,
				5F0165031AEAA1C90055617C /* GameViewController.swift in Sources */,
				5F0164FD1AEAA1C90055617C /* AppDelegate.swift in Sources */,
			);
			runOnlyForDeploymentPostprocessing = 0;
		};
		5F01650C1AEAA1C90055617C /* Sources */ = {
			isa = PBXSourcesBuildPhase;
			buildActionMask = 2147483647;
			files = (
				5F0165171AEAA1C90055617C /* SwiftrisTests.swift in Sources */,
			);
			runOnlyForDeploymentPostprocessing = 0;
		};
/* End PBXSourcesBuildPhase section */

/* Begin PBXTargetDependency section */
		5F0165121AEAA1C90055617C /* PBXTargetDependency */ = {
			isa = PBXTargetDependency;
			target = 5F0164F61AEAA1C80055617C /* Swiftris */;
			targetProxy = 5F0165111AEAA1C90055617C /* PBXContainerItemProxy */;
		};
/* End PBXTargetDependency section */

/* Begin PBXVariantGroup section */
		5F0165041AEAA1C90055617C /* Main.storyboard */ = {
			isa = PBXVariantGroup;
			children = (
				5F0165051AEAA1C90055617C /* Base */,
			);
			name = Main.storyboard;
			sourceTree = "<group>";
		};
		5F0165091AEAA1C90055617C /* LaunchScreen.xib */ = {
			isa = PBXVariantGroup;
			children = (
				5F01650A1AEAA1C90055617C /* Base */,
			);
			name = LaunchScreen.xib;
			sourceTree = "<group>";
		};
/* End PBXVariantGroup section */

/* Begin XCBuildConfiguration section */
		5F0165181AEAA1C90055617C /* Debug */ = {
			isa = XCBuildConfiguration;
			buildSettings = {
				ALWAYS_SEARCH_USER_PATHS = NO;
				CLANG_CXX_LANGUAGE_STANDARD = "gnu++0x";
				CLANG_CXX_LIBRARY = "libc++";
				CLANG_ENABLE_MODULES = YES;
				CLANG_ENABLE_OBJC_ARC = YES;
				CLANG_WARN_BOOL_CONVERSION = YES;
				CLANG_WARN_CONSTANT_CONVERSION = YES;
				CLANG_WARN_DIRECT_OBJC_ISA_USAGE = YES_ERROR;
				CLANG_WARN_EMPTY_BODY = YES;
				CLANG_WARN_ENUM_CONVERSION = YES;
				CLANG_WARN_INT_CONVERSION = YES;
				CLANG_WARN_OBJC_ROOT_CLASS = YES_ERROR;
				CLANG_WARN_UNREACHABLE_CODE = YES;
				CLANG_WARN__DUPLICATE_METHOD_MATCH = YES;
				"CODE_SIGN_IDENTITY[sdk=iphoneos*]" = "iPhone Developer";
				COPY_PHASE_STRIP = NO;
				DEBUG_INFORMATION_FORMAT = "dwarf-with-dsym";
				ENABLE_STRICT_OBJC_MSGSEND = YES;
				GCC_C_LANGUAGE_STANDARD = gnu99;
				GCC_DYNAMIC_NO_PIC = NO;
				GCC_NO_COMMON_BLOCKS = YES;
				GCC_OPTIMIZATION_LEVEL = 0;
				GCC_PREPROCESSOR_DEFINITIONS = (
					"DEBUG=1",
					"$(inherited)",
				);
				GCC_SYMBOLS_PRIVATE_EXTERN = NO;
				GCC_WARN_64_TO_32_BIT_CONVERSION = YES;
				GCC_WARN_ABOUT_RETURN_TYPE = YES_ERROR;
				GCC_WARN_UNDECLARED_SELECTOR = YES;
				GCC_WARN_UNINITIALIZED_AUTOS = YES_AGGRESSIVE;
				GCC_WARN_UNUSED_FUNCTION = YES;
				GCC_WARN_UNUSED_VARIABLE = YES;
				IPHONEOS_DEPLOYMENT_TARGET = 8.3;
				MTL_ENABLE_DEBUG_INFO = YES;
				ONLY_ACTIVE_ARCH = YES;
				SDKROOT = iphoneos;
				SWIFT_OPTIMIZATION_LEVEL = "-Onone";
			};
			name = Debug;
		};
		5F0165191AEAA1C90055617C /* Release */ = {
			isa = XCBuildConfiguration;
			buildSettings = {
				ALWAYS_SEARCH_USER_PATHS = NO;
				CLANG_CXX_LANGUAGE_STANDARD = "gnu++0x";
				CLANG_CXX_LIBRARY = "libc++";
				CLANG_ENABLE_MODULES = YES;
				CLANG_ENABLE_OBJC_ARC = YES;
				CLANG_WARN_BOOL_CONVERSION = YES;
				CLANG_WARN_CONSTANT_CONVERSION = YES;
				CLANG_WARN_DIRECT_OBJC_ISA_USAGE = YES_ERROR;
				CLANG_WARN_EMPTY_BODY = YES;
				CLANG_WARN_ENUM_CONVERSION = YES;
				CLANG_WARN_INT_CONVERSION = YES;
				CLANG_WARN_OBJC_ROOT_CLASS = YES_ERROR;
				CLANG_WARN_UNREACHABLE_CODE = YES;
				CLANG_WARN__DUPLICATE_METHOD_MATCH = YES;
				"CODE_SIGN_IDENTITY[sdk=iphoneos*]" = "iPhone Developer";
				COPY_PHASE_STRIP = NO;
				DEBUG_INFORMATION_FORMAT = "dwarf-with-dsym";
				ENABLE_NS_ASSERTIONS = NO;
				ENABLE_STRICT_OBJC_MSGSEND = YES;
				GCC_C_LANGUAGE_STANDARD = gnu99;
				GCC_NO_COMMON_BLOCKS = YES;
				GCC_WARN_64_TO_32_BIT_CONVERSION = YES;
				GCC_WARN_ABOUT_RETURN_TYPE = YES_ERROR;
				GCC_WARN_UNDECLARED_SELECTOR = YES;
				GCC_WARN_UNINITIALIZED_AUTOS = YES_AGGRESSIVE;
				GCC_WARN_UNUSED_FUNCTION = YES;
				GCC_WARN_UNUSED_VARIABLE = YES;
				IPHONEOS_DEPLOYMENT_TARGET = 8.3;
				MTL_ENABLE_DEBUG_INFO = NO;
				SDKROOT = iphoneos;
				VALIDATE_PRODUCT = YES;
			};
			name = Release;
		};
		5F01651B1AEAA1C90055617C /* Debug */ = {
			isa = XCBuildConfiguration;
			buildSettings = {
				ASSETCATALOG_COMPILER_APPICON_NAME = AppIcon;
				INFOPLIST_FILE = Swiftris/Info.plist;
				LD_RUNPATH_SEARCH_PATHS = "$(inherited) @executable_path/Frameworks";
				PRODUCT_NAME = "$(TARGET_NAME)";
			};
			name = Debug;
		};
		5F01651C1AEAA1C90055617C /* Release */ = {
			isa = XCBuildConfiguration;
			buildSettings = {
				ASSETCATALOG_COMPILER_APPICON_NAME = AppIcon;
				INFOPLIST_FILE = Swiftris/Info.plist;
				LD_RUNPATH_SEARCH_PATHS = "$(inherited) @executable_path/Frameworks";
				PRODUCT_NAME = "$(TARGET_NAME)";
			};
			name = Release;
		};
		5F01651E1AEAA1C90055617C /* Debug */ = {
			isa = XCBuildConfiguration;
			buildSettings = {
				BUNDLE_LOADER = "$(TEST_HOST)";
				FRAMEWORK_SEARCH_PATHS = (
					"$(SDKROOT)/Developer/Library/Frameworks",
					"$(inherited)",
				);
				GCC_PREPROCESSOR_DEFINITIONS = (
					"DEBUG=1",
					"$(inherited)",
				);
				INFOPLIST_FILE = SwiftrisTests/Info.plist;
				LD_RUNPATH_SEARCH_PATHS = "$(inherited) @executable_path/Frameworks @loader_path/Frameworks";
				PRODUCT_NAME = "$(TARGET_NAME)";
				TEST_HOST = "$(BUILT_PRODUCTS_DIR)/Swiftris.app/Swiftris";
			};
			name = Debug;
		};
		5F01651F1AEAA1C90055617C /* Release */ = {
			isa = XCBuildConfiguration;
			buildSettings = {
				BUNDLE_LOADER = "$(TEST_HOST)";
				FRAMEWORK_SEARCH_PATHS = (
					"$(SDKROOT)/Developer/Library/Frameworks",
					"$(inherited)",
				);
				INFOPLIST_FILE = SwiftrisTests/Info.plist;
				LD_RUNPATH_SEARCH_PATHS = "$(inherited) @executable_path/Frameworks @loader_path/Frameworks";
				PRODUCT_NAME = "$(TARGET_NAME)";
				TEST_HOST = "$(BUILT_PRODUCTS_DIR)/Swiftris.app/Swiftris";
			};
			name = Release;
		};
/* End XCBuildConfiguration section */

/* Begin XCConfigurationList section */
		5F0164F21AEAA1C80055617C /* Build configuration list for PBXProject "Swiftris" */ = {
			isa = XCConfigurationList;
			buildConfigurations = (
				5F0165181AEAA1C90055617C /* Debug */,
				5F0165191AEAA1C90055617C /* Release */,
			);
			defaultConfigurationIsVisible = 0;
			defaultConfigurationName = Release;
		};
		5F01651A1AEAA1C90055617C /* Build configuration list for PBXNativeTarget "Swiftris" */ = {
			isa = XCConfigurationList;
			buildConfigurations = (
				5F01651B1AEAA1C90055617C /* Debug */,
				5F01651C1AEAA1C90055617C /* Release */,
			);
			defaultConfigurationIsVisible = 0;
		};
		5F01651D1AEAA1C90055617C /* Build configuration list for PBXNativeTarget "SwiftrisTests" */ = {
			isa = XCConfigurationList;
			buildConfigurations = (
				5F01651E1AEAA1C90055617C /* Debug */,
				5F01651F1AEAA1C90055617C /* Release */,
			);
			defaultConfigurationIsVisible = 0;
		};
/* End XCConfigurationList section */
	};
	rootObject = 5F0164EF1AEAA1C80055617C /* Project object */;
}
